
Microsoft Visual Studio Solution File, Format Version 12.00
# Visual Studio Version 16
VisualStudioVersion = 16.0.30225.117
MinimumVisualStudioVersion = 10.0.40219.1
Project("{FAE04EC0-301F-11D3-BF4B-00C04F79EFBC}") = "HiveHelper", "HiveHelper\HiveHelper.csproj", "{1042A88E-95B4-4ADD-A84D-25082FD2FED6}"
EndProject
Global
	GlobalSection(SolutionConfigurationPlatforms) = preSolution
		Debug|Any CPU = Debug|Any CPU
		Release|Any CPU = Release|Any CPU
	EndGlobalSection
	GlobalSection(ProjectConfigurationPlatforms) = postSolution
		{1042A88E-95B4-4ADD-A84D-25082FD2FED6}.Debug|Any CPU.ActiveCfg = Debug|Any CPU
		{1042A88E-95B4-4ADD-A84D-25082FD2FED6}.Debug|Any CPU.Build.0 = Debug|Any CPU
		{1042A88E-95B4-4ADD-A84D-25082FD2FED6}.Release|Any CPU.ActiveCfg = Release|Any CPU
		{1042A88E-95B4-4ADD-A84D-25082FD2FED6}.Release|Any CPU.Build.0 = Release|Any CPU
	EndGlobalSection
	GlobalSection(SolutionProperties) = preSolution
		HideSolutionNode = FALSE
	EndGlobalSection
	GlobalSection(ExtensibilityGlobals) = postSolution
		SolutionGuid = {6C981457-DB96-4C85-80E6-40A2FE9CBD46}
	EndGlobalSection
EndGlobal
